
Microsoft Visual Studio Solution File, Format Version 12.00
# Visual Studio 2013
VisualStudioVersion = 12.0.21005.1
MinimumVisualStudioVersion = 10.0.40219.1
Project("{FAE04EC0-301F-11D3-BF4B-00C04F79EFBC}") = "Calculator Beta 1", "Calculator Beta 1\Calculator Beta 1.csproj", "{D69D0A32-DB47-41B4-B4EA-EC9504F8364D}"
EndProject
Project("{FAE04EC0-301F-11D3-BF4B-00C04F79EFBC}") = "Calculator Beta 2", "Calculator Beta 2\Calculator Beta 2.csproj", "{FCA14E8C-E509-4776-9589-E707FA7EDA67}"
EndProject
Global
	GlobalSection(SolutionConfigurationPlatforms) = preSolution
		Debug|Any CPU = Debug|Any CPU
		Release|Any CPU = Release|Any CPU
	EndGlobalSection
	GlobalSection(ProjectConfigurationPlatforms) = postSolution
		{D69D0A32-DB47-41B4-B4EA-EC9504F8364D}.Debug|Any CPU.ActiveCfg = Debug|Any CPU
		{D69D0A32-DB47-41B4-B4EA-EC9504F8364D}.Debug|Any CPU.Build.0 = Debug|Any CPU
		{D69D0A32-DB47-41B4-B4EA-EC9504F8364D}.Release|Any CPU.ActiveCfg = Release|Any CPU
		{D69D0A32-DB47-41B4-B4EA-EC9504F8364D}.Release|Any CPU.Build.0 = Release|Any CPU
		{FCA14E8C-E509-4776-9589-E707FA7EDA67}.Debug|Any CPU.ActiveCfg = Debug|Any CPU
		{FCA14E8C-E509-4776-9589-E707FA7EDA67}.Debug|Any CPU.Build.0 = Debug|Any CPU
		{FCA14E8C-E509-4776-9589-E707FA7EDA67}.Release|Any CPU.ActiveCfg = Release|Any CPU
		{FCA14E8C-E509-4776-9589-E707FA7EDA67}.Release|Any CPU.Build.0 = Release|Any CPU
	EndGlobalSection
	GlobalSection(SolutionProperties) = preSolution
		HideSolutionNode = FALSE
	EndGlobalSection
EndGlobal
